// !$*UTF8*$!
{
	archiveVersion = 1;
	classes = {
	};
	objectVersion = 48;
	objects = {

/* Begin PBXBuildFile section */
		D785D27C20BC063A00DD99E1 /* AppDelegate.m in Sources */ = {isa = PBXBuildFile; fileRef = D785D27B20BC063A00DD99E1 /* AppDelegate.m */; };
		D785D27F20BC063A00DD99E1 /* ViewController.m in Sources */ = {isa = PBXBuildFile; fileRef = D785D27E20BC063A00DD99E1 /* ViewController.m */; };
		D785D28220BC063A00DD99E1 /* Main.storyboard in Resources */ = {isa = PBXBuildFile; fileRef = D785D28020BC063A00DD99E1 /* Main.storyboard */; };
		D785D28420BC063A00DD99E1 /* Assets.xcassets in Resources */ = {isa = PBXBuildFile; fileRef = D785D28320BC063A00DD99E1 /* Assets.xcassets */; };
		D785D28720BC063A00DD99E1 /* LaunchScreen.storyboard in Resources */ = {isa = PBXBuildFile; fileRef = D785D28520BC063A00DD99E1 /* LaunchScreen.storyboard */; };
		D785D28A20BC063A00DD99E1 /* main.m in Sources */ = {isa = PBXBuildFile; fileRef = D785D28920BC063A00DD99E1 /* main.m */; };
		D785D29420BC063A00DD99E1 /* ProgrammerNoteTests.m in Sources */ = {isa = PBXBuildFile; fileRef = D785D29320BC063A00DD99E1 /* ProgrammerNoteTests.m */; };
		D785D29F20BC063A00DD99E1 /* ProgrammerNoteUITests.m in Sources */ = {isa = PBXBuildFile; fileRef = D785D29E20BC063A00DD99E1 /* ProgrammerNoteUITests.m */; };
/* End PBXBuildFile section */

/* Begin PBXContainerItemProxy section */
		D785D29020BC063A00DD99E1 /* PBXContainerItemProxy */ = {
			isa = PBXContainerItemProxy;
			containerPortal = D785D26F20BC063A00DD99E1 /* Project object */;
			proxyType = 1;
			remoteGlobalIDString = D785D27620BC063A00DD99E1;
			remoteInfo = ProgrammerNote;
		};
		D785D29B20BC063A00DD99E1 /* PBXContainerItemProxy */ = {
			isa = PBXContainerItemProxy;
			containerPortal = D785D26F20BC063A00DD99E1 /* Project object */;
			proxyType = 1;
			remoteGlobalIDString = D785D27620BC063A00DD99E1;
			remoteInfo = ProgrammerNote;
		};
/* End PBXContainerItemProxy section */

/* Begin PBXFileReference section */
		D785D27720BC063A00DD99E1 /* ProgrammerNote.app */ = {isa = PBXFileReference; explicitFileType = wrapper.application; includeInIndex = 0; path = ProgrammerNote.app; sourceTree = BUILT_PRODUCTS_DIR; };
		D785D27A20BC063A00DD99E1 /* AppDelegate.h */ = {isa = PBXFileReference; lastKnownFileType = sourcecode.c.h; path = AppDelegate.h; sourceTree = "<group>"; };
		D785D27B20BC063A00DD99E1 /* AppDelegate.m */ = {isa = PBXFileReference; lastKnownFileType = sourcecode.c.objc; path = AppDelegate.m; sourceTree = "<group>"; };
		D785D27D20BC063A00DD99E1 /* ViewController.h */ = {isa = PBXFileReference; lastKnownFileType = sourcecode.c.h; path = ViewController.h; sourceTree = "<group>"; };
		D785D27E20BC063A00DD99E1 /* ViewController.m */ = {isa = PBXFileReference; lastKnownFileType = sourcecode.c.objc; path = ViewController.m; sourceTree = "<group>"; };
		D785D28120BC063A00DD99E1 /* Base */ = {isa = PBXFileReference; lastKnownFileType = file.storyboard; name = Base; path = Base.lproj/Main.storyboard; sourceTree = "<group>"; };
		D785D28320BC063A00DD99E1 /* Assets.xcassets */ = {isa = PBXFileReference; lastKnownFileType = folder.assetcatalog; path = Assets.xcassets; sourceTree = "<group>"; };
		D785D28620BC063A00DD99E1 /* Base */ = {isa = PBXFileReference; lastKnownFileType = file.storyboard; name = Base; path = Base.lproj/LaunchScreen.storyboard; sourceTree = "<group>"; };
		D785D28820BC063A00DD99E1 /* Info.plist */ = {isa = PBXFileReference; lastKnownFileType = text.plist.xml; path = Info.plist; sourceTree = "<group>"; };
		D785D28920BC063A00DD99E1 /* main.m */ = {isa = PBXFileReference; lastKnownFileType = sourcecode.c.objc; path = main.m; sourceTree = "<group>"; };
		D785D28F20BC063A00DD99E1 /* ProgrammerNoteTests.xctest */ = {isa = PBXFileReference; explicitFileType = wrapper.cfbundle; includeInIndex = 0; path = ProgrammerNoteTests.xctest; sourceTree = BUILT_PRODUCTS_DIR; };
		D785D29320BC063A00DD99E1 /* ProgrammerNoteTests.m */ = {isa = PBXFileReference; lastKnownFileType = sourcecode.c.objc; path = ProgrammerNoteTests.m; sourceTree = "<group>"; };
		D785D29520BC063A00DD99E1 /* Info.plist */ = {isa = PBXFileReference; lastKnownFileType = text.plist.xml; path = Info.plist; sourceTree = "<group>"; };
		D785D29A20BC063A00DD99E1 /* ProgrammerNoteUITests.xctest */ = {isa = PBXFileReference; explicitFileType = wrapper.cfbundle; includeInIndex = 0; path = ProgrammerNoteUITests.xctest; sourceTree = BUILT_PRODUCTS_DIR; };
		D785D29E20BC063A00DD99E1 /* ProgrammerNoteUITests.m */ = {isa = PBXFileReference; lastKnownFileType = sourcecode.c.objc; path = ProgrammerNoteUITests.m; sourceTree = "<group>"; };
		D785D2A020BC063A00DD99E1 /* Info.plist */ = {isa = PBXFileReference; lastKnownFileType = text.plist.xml; path = Info.plist; sourceTree = "<group>"; };
/* End PBXFileReference section */

/* Begin PBXFrameworksBuildPhase section */
		D785D27420BC063A00DD99E1 /* Frameworks */ = {
			isa = PBXFrameworksBuildPhase;
			buildActionMask = 2147483647;
			files = (
			);
			runOnlyForDeploymentPostprocessing = 0;
		};
		D785D28C20BC063A00DD99E1 /* Frameworks */ = {
			isa = PBXFrameworksBuildPhase;
			buildActionMask = 2147483647;
			files = (
			);
			runOnlyForDeploymentPostprocessing = 0;
		};
		D785D29720BC063A00DD99E1 /* Frameworks */ = {
			isa = PBXFrameworksBuildPhase;
			buildActionMask = 2147483647;
			files = (
			);
			runOnlyForDeploymentPostprocessing = 0;
		};
/* End PBXFrameworksBuildPhase section */

/* Begin PBXGroup section */
		D785D26E20BC063A00DD99E1 = {
			isa = PBXGroup;
			children = (
				D785D27920BC063A00DD99E1 /* ProgrammerNote */,
				D785D29220BC063A00DD99E1 /* ProgrammerNoteTests */,
				D785D29D20BC063A00DD99E1 /* ProgrammerNoteUITests */,
				D785D27820BC063A00DD99E1 /* Products */,
			);
			sourceTree = "<group>";
		};
		D785D27820BC063A00DD99E1 /* Products */ = {
			isa = PBXGroup;
			children = (
				D785D27720BC063A00DD99E1 /* ProgrammerNote.app */,
				D785D28F20BC063A00DD99E1 /* ProgrammerNoteTests.xctest */,
				D785D29A20BC063A00DD99E1 /* ProgrammerNoteUITests.xctest */,
			);
			name = Products;
			sourceTree = "<group>";
		};
		D785D27920BC063A00DD99E1 /* ProgrammerNote */ = {
			isa = PBXGroup;
			children = (
				D785D27A20BC063A00DD99E1 /* AppDelegate.h */,
				D785D27B20BC063A00DD99E1 /* AppDelegate.m */,
				D785D27D20BC063A00DD99E1 /* ViewController.h */,
				D785D27E20BC063A00DD99E1 /* ViewController.m */,
				D785D28020BC063A00DD99E1 /* Main.storyboard */,
				D785D28320BC063A00DD99E1 /* Assets.xcassets */,
				D785D28520BC063A00DD99E1 /* LaunchScreen.storyboard */,
				D785D28820BC063A00DD99E1 /* Info.plist */,
				D785D28920BC063A00DD99E1 /* main.m */,
			);
			path = ProgrammerNote;
			sourceTree = "<group>";
		};
		D785D29220BC063A00DD99E1 /* ProgrammerNoteTests */ = {
			isa = PBXGroup;
			children = (
				D785D29320BC063A00DD99E1 /* ProgrammerNoteTests.m */,
				D785D29520BC063A00DD99E1 /* Info.plist */,
			);
			path = ProgrammerNoteTests;
			sourceTree = "<group>";
		};
		D785D29D20BC063A00DD99E1 /* ProgrammerNoteUITests */ = {
			isa = PBXGroup;
			children = (
				D785D29E20BC063A00DD99E1 /* ProgrammerNoteUITests.m */,
				D785D2A020BC063A00DD99E1 /* Info.plist */,
			);
			path = ProgrammerNoteUITests;
			sourceTree = "<group>";
		};
/* End PBXGroup section */

/* Begin PBXNativeTarget section */
		D785D27620BC063A00DD99E1 /* ProgrammerNote */ = {
			isa = PBXNativeTarget;
			buildConfigurationList = D785D2A320BC063B00DD99E1 /* Build configuration list for PBXNativeTarget "ProgrammerNote" */;
			buildPhases = (
				D785D27320BC063A00DD99E1 /* Sources */,
				D785D27420BC063A00DD99E1 /* Frameworks */,
				D785D27520BC063A00DD99E1 /* Resources */,
			);
			buildRules = (
			);
			dependencies = (
			);
			name = ProgrammerNote;
			productName = ProgrammerNote;
			productReference = D785D27720BC063A00DD99E1 /* ProgrammerNote.app */;
			productType = "com.apple.product-type.application";
		};
		D785D28E20BC063A00DD99E1 /* ProgrammerNoteTests */ = {
			isa = PBXNativeTarget;
			buildConfigurationList = D785D2A620BC063B00DD99E1 /* Build configuration list for PBXNativeTarget "ProgrammerNoteTests" */;
			buildPhases = (
				D785D28B20BC063A00DD99E1 /* Sources */,
				D785D28C20BC063A00DD99E1 /* Frameworks */,
				D785D28D20BC063A00DD99E1 /* Resources */,
			);
			buildRules = (
			);
			dependencies = (
				D785D29120BC063A00DD99E1 /* PBXTargetDependency */,
			);
			name = ProgrammerNoteTests;
			productName = ProgrammerNoteTests;
			productReference = D785D28F20BC063A00DD99E1 /* ProgrammerNoteTests.xctest */;
			productType = "com.apple.product-type.bundle.unit-test";
		};
		D785D29920BC063A00DD99E1 /* ProgrammerNoteUITests */ = {
			isa = PBXNativeTarget;
			buildConfigurationList = D785D2A920BC063B00DD99E1 /* Build configuration list for PBXNativeTarget "ProgrammerNoteUITests" */;
			buildPhases = (
				D785D29620BC063A00DD99E1 /* Sources */,
				D785D29720BC063A00DD99E1 /* Frameworks */,
				D785D29820BC063A00DD99E1 /* Resources */,
			);
			buildRules = (
			);
			dependencies = (
				D785D29C20BC063A00DD99E1 /* PBXTargetDependency */,
			);
			name = ProgrammerNoteUITests;
			productName = ProgrammerNoteUITests;
			productReference = D785D29A20BC063A00DD99E1 /* ProgrammerNoteUITests.xctest */;
			productType = "com.apple.product-type.bundle.ui-testing";
		};
/* End PBXNativeTarget section */

/* Begin PBXProject section */
		D785D26F20BC063A00DD99E1 /* Project object */ = {
			isa = PBXProject;
			attributes = {
				LastUpgradeCheck = 0920;
				ORGANIZATIONNAME = dev;
				TargetAttributes = {
					D785D27620BC063A00DD99E1 = {
						CreatedOnToolsVersion = 9.2;
						ProvisioningStyle = Automatic;
					};
					D785D28E20BC063A00DD99E1 = {
						CreatedOnToolsVersion = 9.2;
						ProvisioningStyle = Automatic;
						TestTargetID = D785D27620BC063A00DD99E1;
					};
					D785D29920BC063A00DD99E1 = {
						CreatedOnToolsVersion = 9.2;
						ProvisioningStyle = Automatic;
						TestTargetID = D785D27620BC063A00DD99E1;
					};
				};
			};
			buildConfigurationList = D785D27220BC063A00DD99E1 /* Build configuration list for PBXProject "ProgrammerNote" */;
			compatibilityVersion = "Xcode 8.0";
			developmentRegion = en;
			hasScannedForEncodings = 0;
			knownRegions = (
				en,
				Base,
			);
			mainGroup = D785D26E20BC063A00DD99E1;
			productRefGroup = D785D27820BC063A00DD99E1 /* Products */;
			projectDirPath = "";
			projectRoot = "";
			targets = (
				D785D27620BC063A00DD99E1 /* ProgrammerNote */,
				D785D28E20BC063A00DD99E1 /* ProgrammerNoteTests */,
				D785D29920BC063A00DD99E1 /* ProgrammerNoteUITests */,
			);
		};
/* End PBXProject section */

/* Begin PBXResourcesBuildPhase section */
		D785D27520BC063A00DD99E1 /* Resources */ = {
			isa = PBXResourcesBuildPhase;
			buildActionMask = 2147483647;
			files = (
				D785D28720BC063A00DD99E1 /* LaunchScreen.storyboard in Resources */,
				D785D28420BC063A00DD99E1 /* Assets.xcassets in Resources */,
				D785D28220BC063A00DD99E1 /* Main.storyboard in Resources */,
			);
			runOnlyForDeploymentPostprocessing = 0;
		};
		D785D28D20BC063A00DD99E1 /* Resources */ = {
			isa = PBXResourcesBuildPhase;
			buildActionMask = 2147483647;
			files = (
			);
			runOnlyForDeploymentPostprocessing = 0;
		};
		D785D29820BC063A00DD99E1 /* Resources */ = {
			isa = PBXResourcesBuildPhase;
			buildActionMask = 2147483647;
			files = (
			);
			runOnlyForDeploymentPostprocessing = 0;
		};
/* End PBXResourcesBuildPhase section */

/* Begin PBXSourcesBuildPhase section */
		D785D27320BC063A00DD99E1 /* Sources */ = {
			isa = PBXSourcesBuildPhase;
			buildActionMask = 2147483647;
			files = (
				D785D27F20BC063A00DD99E1 /* ViewController.m in Sources */,
				D785D28A20BC063A00DD99E1 /* main.m in Sources */,
				D785D27C20BC063A00DD99E1 /* AppDelegate.m in Sources */,
			);
			runOnlyForDeploymentPostprocessing = 0;
		};
		D785D28B20BC063A00DD99E1 /* Sources */ = {
			isa = PBXSourcesBuildPhase;
			buildActionMask = 2147483647;
			files = (
				D785D29420BC063A00DD99E1 /* ProgrammerNoteTests.m in Sources */,
			);
			runOnlyForDeploymentPostprocessing = 0;
		};
		D785D29620BC063A00DD99E1 /* Sources */ = {
			isa = PBXSourcesBuildPhase;
			buildActionMask = 2147483647;
			files = (
				D785D29F20BC063A00DD99E1 /* ProgrammerNoteUITests.m in Sources */,
			);
			runOnlyForDeploymentPostprocessing = 0;
		};
/* End PBXSourcesBuildPhase section */

/* Begin PBXTargetDependency section */
		D785D29120BC063A00DD99E1 /* PBXTargetDependency */ = {
			isa = PBXTargetDependency;
			target = D785D27620BC063A00DD99E1 /* ProgrammerNote */;
			targetProxy = D785D29020BC063A00DD99E1 /* PBXContainerItemProxy */;
		};
		D785D29C20BC063A00DD99E1 /* PBXTargetDependency */ = {
			isa = PBXTargetDependency;
			target = D785D27620BC063A00DD99E1 /* ProgrammerNote */;
			targetProxy = D785D29B20BC063A00DD99E1 /* PBXContainerItemProxy */;
		};
/* End PBXTargetDependency section */

/* Begin PBXVariantGroup section */
		D785D28020BC063A00DD99E1 /* Main.storyboard */ = {
			isa = PBXVariantGroup;
			children = (
				D785D28120BC063A00DD99E1 /* Base */,
			);
			name = Main.storyboard;
			sourceTree = "<group>";
		};
		D785D28520BC063A00DD99E1 /* LaunchScreen.storyboard */ = {
			isa = PBXVariantGroup;
			children = (
				D785D28620BC063A00DD99E1 /* Base */,
			);
			name = LaunchScreen.storyboard;
			sourceTree = "<group>";
		};
/* End PBXVariantGroup section */

/* Begin XCBuildConfiguration section */
		D785D2A120BC063B00DD99E1 /* Debug */ = {
			isa = XCBuildConfiguration;
			buildSettings = {
				ALWAYS_SEARCH_USER_PATHS = NO;
				CLANG_ANALYZER_NONNULL = YES;
				CLANG_ANALYZER_NUMBER_OBJECT_CONVERSION = YES_AGGRESSIVE;
				CLANG_CXX_LANGUAGE_STANDARD = "gnu++14";
				CLANG_CXX_LIBRARY = "libc++";
				CLANG_ENABLE_MODULES = YES;
				CLANG_ENABLE_OBJC_ARC = YES;
				CLANG_WARN_BLOCK_CAPTURE_AUTORELEASING = YES;
				CLANG_WARN_BOOL_CONVERSION = YES;
				CLANG_WARN_COMMA = YES;
				CLANG_WARN_CONSTANT_CONVERSION = YES;
				CLANG_WARN_DIRECT_OBJC_ISA_USAGE = YES_ERROR;
				CLANG_WARN_DOCUMENTATION_COMMENTS = YES;
				CLANG_WARN_EMPTY_BODY = YES;
				CLANG_WARN_ENUM_CONVERSION = YES;
				CLANG_WARN_INFINITE_RECURSION = YES;
				CLANG_WARN_INT_CONVERSION = YES;
				CLANG_WARN_NON_LITERAL_NULL_CONVERSION = YES;
				CLANG_WARN_OBJC_LITERAL_CONVERSION = YES;
				CLANG_WARN_OBJC_ROOT_CLASS = YES_ERROR;
				CLANG_WARN_RANGE_LOOP_ANALYSIS = YES;
				CLANG_WARN_STRICT_PROTOTYPES = YES;
				CLANG_WARN_SUSPICIOUS_MOVE = YES;
				CLANG_WARN_UNGUARDED_AVAILABILITY = YES_AGGRESSIVE;
				CLANG_WARN_UNREACHABLE_CODE = YES;
				CLANG_WARN__DUPLICATE_METHOD_MATCH = YES;
				CODE_SIGN_IDENTITY = "iPhone Developer";
				COPY_PHASE_STRIP = NO;
				DEBUG_INFORMATION_FORMAT = dwarf;
				ENABLE_STRICT_OBJC_MSGSEND = YES;
				ENABLE_TESTABILITY = YES;
				GCC_C_LANGUAGE_STANDARD = gnu11;
				GCC_DYNAMIC_NO_PIC = NO;
				GCC_NO_COMMON_BLOCKS = YES;
				GCC_OPTIMIZATION_LEVEL = 0;
				GCC_PREPROCESSOR_DEFINITIONS = (
					"DEBUG=1",
					"$(inherited)",
				);
				GCC_WARN_64_TO_32_BIT_CONVERSION = YES;
				GCC_WARN_ABOUT_RETURN_TYPE = YES_ERROR;
				GCC_WARN_UNDECLARED_SELECTOR = YES;
				GCC_WARN_UNINITIALIZED_AUTOS = YES_AGGRESSIVE;
				GCC_WARN_UNUSED_FUNCTION = YES;
				GCC_WARN_UNUSED_VARIABLE = YES;
				IPHONEOS_DEPLOYMENT_TARGET = 11.2;
				MTL_ENABLE_DEBUG_INFO = YES;
				ONLY_ACTIVE_ARCH = YES;
				SDKROOT = iphoneos;
			};
			name = Debug;
		};
		D785D2A220BC063B00DD99E1 /* Release */ = {
			isa = XCBuildConfiguration;
			buildSettings = {
				ALWAYS_SEARCH_USER_PATHS = NO;
				CLANG_ANALYZER_NONNULL = YES;
				CLANG_ANALYZER_NUMBER_OBJECT_CONVERSION = YES_AGGRESSIVE;
				CLANG_CXX_LANGUAGE_STANDARD = "gnu++14";
				CLANG_CXX_LIBRARY = "libc++";
				CLANG_ENABLE_MODULES = YES;
				CLANG_ENABLE_OBJC_ARC = YES;
				CLANG_WARN_BLOCK_CAPTURE_AUTORELEASING = YES;
				CLANG_WARN_BOOL_CONVERSION = YES;
				CLANG_WARN_COMMA = YES;
				CLANG_WARN_CONSTANT_CONVERSION = YES;
				CLANG_WARN_DIRECT_OBJC_ISA_USAGE = YES_ERROR;
				CLANG_WARN_DOCUMENTATION_COMMENTS = YES;
				CLANG_WARN_EMPTY_BODY = YES;
				CLANG_WARN_ENUM_CONVERSION = YES;
				CLANG_WARN_INFINITE_RECURSION = YES;
				CLANG_WARN_INT_CONVERSION = YES;
				CLANG_WARN_NON_LITERAL_NULL_CONVERSION = YES;
				CLANG_WARN_OBJC_LITERAL_CONVERSION = YES;
				CLANG_WARN_OBJC_ROOT_CLASS = YES_ERROR;
				CLANG_WARN_RANGE_LOOP_ANALYSIS = YES;
				CLANG_WARN_STRICT_PROTOTYPES = YES;
				CLANG_WARN_SUSPICIOUS_MOVE = YES;
				CLANG_WARN_UNGUARDED_AVAILABILITY = YES_AGGRESSIVE;
				CLANG_WARN_UNREACHABLE_CODE = YES;
				CLANG_WARN__DUPLICATE_METHOD_MATCH = YES;
				CODE_SIGN_IDENTITY = "iPhone Developer";
				COPY_PHASE_STRIP = NO;
				DEBUG_INFORMATION_FORMAT = "dwarf-with-dsym";
				ENABLE_NS_ASSERTIONS = NO;
				ENABLE_STRICT_OBJC_MSGSEND = YES;
				GCC_C_LANGUAGE_STANDARD = gnu11;
				GCC_NO_COMMON_BLOCKS = YES;
				GCC_WARN_64_TO_32_BIT_CONVERSION = YES;
				GCC_WARN_ABOUT_RETURN_TYPE = YES_ERROR;
				GCC_WARN_UNDECLARED_SELECTOR = YES;
				GCC_WARN_UNINITIALIZED_AUTOS = YES_AGGRESSIVE;
				GCC_WARN_UNUSED_FUNCTION = YES;
				GCC_WARN_UNUSED_VARIABLE = YES;
				IPHONEOS_DEPLOYMENT_TARGET = 11.2;
				MTL_ENABLE_DEBUG_INFO = NO;
				SDKROOT = iphoneos;
				VALIDATE_PRODUCT = YES;
			};
			name = Release;
		};
		D785D2A420BC063B00DD99E1 /* Debug */ = {
			isa = XCBuildConfiguration;
			buildSettings = {
				ASSETCATALOG_COMPILER_APPICON_NAME = AppIcon;
				CODE_SIGN_STYLE = Automatic;
				INFOPLIST_FILE = ProgrammerNote/Info.plist;
				LD_RUNPATH_SEARCH_PATHS = "$(inherited) @executable_path/Frameworks";
				PRODUCT_BUNDLE_IDENTIFIER = PingAn.ProgrammerNote;
				PRODUCT_NAME = "$(TARGET_NAME)";
				TARGETED_DEVICE_FAMILY = "1,2";
			};
			name = Debug;
		};
		D785D2A520BC063B00DD99E1 /* Release */ = {
			isa = XCBuildConfiguration;
			buildSettings = {
				ASSETCATALOG_COMPILER_APPICON_NAME = AppIcon;
				CODE_SIGN_STYLE = Automatic;
				INFOPLIST_FILE = ProgrammerNote/Info.plist;
				LD_RUNPATH_SEARCH_PATHS = "$(inherited) @executable_path/Frameworks";
				PRODUCT_BUNDLE_IDENTIFIER = PingAn.ProgrammerNote;
				PRODUCT_NAME = "$(TARGET_NAME)";
				TARGETED_DEVICE_FAMILY = "1,2";
			};
			name = Release;
		};
		D785D2A720BC063B00DD99E1 /* Debug */ = {
			isa = XCBuildConfiguration;
			buildSettings = {
				BUNDLE_LOADER = "$(TEST_HOST)";
				CODE_SIGN_STYLE = Automatic;
				INFOPLIST_FILE = ProgrammerNoteTests/Info.plist;
				LD_RUNPATH_SEARCH_PATHS = "$(inherited) @executable_path/Frameworks @loader_path/Frameworks";
				PRODUCT_BUNDLE_IDENTIFIER = PingAn.ProgrammerNoteTests;
				PRODUCT_NAME = "$(TARGET_NAME)";
				TARGETED_DEVICE_FAMILY = "1,2";
				TEST_HOST = "$(BUILT_PRODUCTS_DIR)/ProgrammerNote.app/ProgrammerNote";
			};
			name = Debug;
		};
		D785D2A820BC063B00DD99E1 /* Release */ = {
			isa = XCBuildConfiguration;
			buildSettings = {
				BUNDLE_LOADER = "$(TEST_HOST)";
				CODE_SIGN_STYLE = Automatic;
				INFOPLIST_FILE = ProgrammerNoteTests/Info.plist;
				LD_RUNPATH_SEARCH_PATHS = "$(inherited) @executable_path/Frameworks @loader_path/Frameworks";
				PRODUCT_BUNDLE_IDENTIFIER = PingAn.ProgrammerNoteTests;
				PRODUCT_NAME = "$(TARGET_NAME)";
				TARGETED_DEVICE_FAMILY = "1,2";
				TEST_HOST = "$(BUILT_PRODUCTS_DIR)/ProgrammerNote.app/ProgrammerNote";
			};
			name = Release;
		};
		D785D2AA20BC063B00DD99E1 /* Debug */ = {
			isa = XCBuildConfiguration;
			buildSettings = {
				CODE_SIGN_STYLE = Automatic;
				INFOPLIST_FILE = ProgrammerNoteUITests/Info.plist;
				LD_RUNPATH_SEARCH_PATHS = "$(inherited) @executable_path/Frameworks @loader_path/Frameworks";
				PRODUCT_BUNDLE_IDENTIFIER = PingAn.ProgrammerNoteUITests;
				PRODUCT_NAME = "$(TARGET_NAME)";
				TARGETED_DEVICE_FAMILY = "1,2";
				TEST_TARGET_NAME = ProgrammerNote;
			};
			name = Debug;
		};
		D785D2AB20BC063B00DD99E1 /* Release */ = {
			isa = XCBuildConfiguration;
			buildSettings = {
				CODE_SIGN_STYLE = Automatic;
				INFOPLIST_FILE = ProgrammerNoteUITests/Info.plist;
				LD_RUNPATH_SEARCH_PATHS = "$(inherited) @executable_path/Frameworks @loader_path/Frameworks";
				PRODUCT_BUNDLE_IDENTIFIER = PingAn.ProgrammerNoteUITests;
				PRODUCT_NAME = "$(TARGET_NAME)";
				TARGETED_DEVICE_FAMILY = "1,2";
				TEST_TARGET_NAME = ProgrammerNote;
			};
			name = Release;
		};
/* End XCBuildConfiguration section */

/* Begin XCConfigurationList section */
		D785D27220BC063A00DD99E1 /* Build configuration list for PBXProject "ProgrammerNote" */ = {
			isa = XCConfigurationList;
			buildConfigurations = (
				D785D2A120BC063B00DD99E1 /* Debug */,
				D785D2A220BC063B00DD99E1 /* Release */,
			);
			defaultConfigurationIsVisible = 0;
			defaultConfigurationName = Release;
		};
		D785D2A320BC063B00DD99E1 /* Build configuration list for PBXNativeTarget "ProgrammerNote" */ = {
			isa = XCConfigurationList;
			buildConfigurations = (
				D785D2A420BC063B00DD99E1 /* Debug */,
				D785D2A520BC063B00DD99E1 /* Release */,
			);
			defaultConfigurationIsVisible = 0;
			defaultConfigurationName = Release;
		};
		D785D2A620BC063B00DD99E1 /* Build configuration list for PBXNativeTarget "ProgrammerNoteTests" */ = {
			isa = XCConfigurationList;
			buildConfigurations = (
				D785D2A720BC063B00DD99E1 /* Debug */,
				D785D2A820BC063B00DD99E1 /* Release */,
			);
			defaultConfigurationIsVisible = 0;
			defaultConfigurationName = Release;
		};
		D785D2A920BC063B00DD99E1 /* Build configuration list for PBXNativeTarget "ProgrammerNoteUITests" */ = {
			isa = XCConfigurationList;
			buildConfigurations = (
				D785D2AA20BC063B00DD99E1 /* Debug */,
				D785D2AB20BC063B00DD99E1 /* Release */,
			);
			defaultConfigurationIsVisible = 0;
			defaultConfigurationName = Release;
		};
/* End XCConfigurationList section */
	};
	rootObject = D785D26F20BC063A00DD99E1 /* Project object */;
}
