// !$*UTF8*$!
{
	archiveVersion = 1;
	classes = {
	};
	objectVersion = 50;
	objects = {

/* Begin PBXBuildFile section */
		D7AAA94020BB93AD001D02D5 /* AppDelegate.m in Sources */ = {isa = PBXBuildFile; fileRef = D7AAA93F20BB93AD001D02D5 /* AppDelegate.m */; };
		D7AAA94320BB93AD001D02D5 /* ViewController.m in Sources */ = {isa = PBXBuildFile; fileRef = D7AAA94220BB93AD001D02D5 /* ViewController.m */; };
		D7AAA94620BB93AD001D02D5 /* Main.storyboard in Resources */ = {isa = PBXBuildFile; fileRef = D7AAA94420BB93AD001D02D5 /* Main.storyboard */; };
		D7AAA94820BB93AD001D02D5 /* Assets.xcassets in Resources */ = {isa = PBXBuildFile; fileRef = D7AAA94720BB93AD001D02D5 /* Assets.xcassets */; };
		D7AAA94B20BB93AD001D02D5 /* LaunchScreen.storyboard in Resources */ = {isa = PBXBuildFile; fileRef = D7AAA94920BB93AD001D02D5 /* LaunchScreen.storyboard */; };
		D7AAA94E20BB93AD001D02D5 /* main.m in Sources */ = {isa = PBXBuildFile; fileRef = D7AAA94D20BB93AD001D02D5 /* main.m */; };
		D7AAA95820BB93AE001D02D5 /* ProgrammerNoteTests.m in Sources */ = {isa = PBXBuildFile; fileRef = D7AAA95720BB93AE001D02D5 /* ProgrammerNoteTests.m */; };
		D7AAA96320BB93AE001D02D5 /* ProgrammerNoteUITests.m in Sources */ = {isa = PBXBuildFile; fileRef = D7AAA96220BB93AE001D02D5 /* ProgrammerNoteUITests.m */; };
/* End PBXBuildFile section */

/* Begin PBXContainerItemProxy section */
		D7AAA95420BB93AE001D02D5 /* PBXContainerItemProxy */ = {
			isa = PBXContainerItemProxy;
			containerPortal = D7AAA93320BB93AD001D02D5 /* Project object */;
			proxyType = 1;
			remoteGlobalIDString = D7AAA93A20BB93AD001D02D5;
			remoteInfo = ProgrammerNote;
		};
		D7AAA95F20BB93AE001D02D5 /* PBXContainerItemProxy */ = {
			isa = PBXContainerItemProxy;
			containerPortal = D7AAA93320BB93AD001D02D5 /* Project object */;
			proxyType = 1;
			remoteGlobalIDString = D7AAA93A20BB93AD001D02D5;
			remoteInfo = ProgrammerNote;
		};
/* End PBXContainerItemProxy section */

/* Begin PBXFileReference section */
		D7AAA93B20BB93AD001D02D5 /* ProgrammerNote.app */ = {isa = PBXFileReference; explicitFileType = wrapper.application; includeInIndex = 0; path = ProgrammerNote.app; sourceTree = BUILT_PRODUCTS_DIR; };
		D7AAA93E20BB93AD001D02D5 /* AppDelegate.h */ = {isa = PBXFileReference; lastKnownFileType = sourcecode.c.h; path = AppDelegate.h; sourceTree = "<group>"; };
		D7AAA93F20BB93AD001D02D5 /* AppDelegate.m */ = {isa = PBXFileReference; lastKnownFileType = sourcecode.c.objc; path = AppDelegate.m; sourceTree = "<group>"; };
		D7AAA94120BB93AD001D02D5 /* ViewController.h */ = {isa = PBXFileReference; lastKnownFileType = sourcecode.c.h; path = ViewController.h; sourceTree = "<group>"; };
		D7AAA94220BB93AD001D02D5 /* ViewController.m */ = {isa = PBXFileReference; lastKnownFileType = sourcecode.c.objc; path = ViewController.m; sourceTree = "<group>"; };
		D7AAA94520BB93AD001D02D5 /* Base */ = {isa = PBXFileReference; lastKnownFileType = file.storyboard; name = Base; path = Base.lproj/Main.storyboard; sourceTree = "<group>"; };
		D7AAA94720BB93AD001D02D5 /* Assets.xcassets */ = {isa = PBXFileReference; lastKnownFileType = folder.assetcatalog; path = Assets.xcassets; sourceTree = "<group>"; };
		D7AAA94A20BB93AD001D02D5 /* Base */ = {isa = PBXFileReference; lastKnownFileType = file.storyboard; name = Base; path = Base.lproj/LaunchScreen.storyboard; sourceTree = "<group>"; };
		D7AAA94C20BB93AD001D02D5 /* Info.plist */ = {isa = PBXFileReference; lastKnownFileType = text.plist.xml; path = Info.plist; sourceTree = "<group>"; };
		D7AAA94D20BB93AD001D02D5 /* main.m */ = {isa = PBXFileReference; lastKnownFileType = sourcecode.c.objc; path = main.m; sourceTree = "<group>"; };
		D7AAA95320BB93AE001D02D5 /* ProgrammerNoteTests.xctest */ = {isa = PBXFileReference; explicitFileType = wrapper.cfbundle; includeInIndex = 0; path = ProgrammerNoteTests.xctest; sourceTree = BUILT_PRODUCTS_DIR; };
		D7AAA95720BB93AE001D02D5 /* ProgrammerNoteTests.m */ = {isa = PBXFileReference; lastKnownFileType = sourcecode.c.objc; path = ProgrammerNoteTests.m; sourceTree = "<group>"; };
		D7AAA95920BB93AE001D02D5 /* Info.plist */ = {isa = PBXFileReference; lastKnownFileType = text.plist.xml; path = Info.plist; sourceTree = "<group>"; };
		D7AAA95E20BB93AE001D02D5 /* ProgrammerNoteUITests.xctest */ = {isa = PBXFileReference; explicitFileType = wrapper.cfbundle; includeInIndex = 0; path = ProgrammerNoteUITests.xctest; sourceTree = BUILT_PRODUCTS_DIR; };
		D7AAA96220BB93AE001D02D5 /* ProgrammerNoteUITests.m */ = {isa = PBXFileReference; lastKnownFileType = sourcecode.c.objc; path = ProgrammerNoteUITests.m; sourceTree = "<group>"; };
		D7AAA96420BB93AE001D02D5 /* Info.plist */ = {isa = PBXFileReference; lastKnownFileType = text.plist.xml; path = Info.plist; sourceTree = "<group>"; };
/* End PBXFileReference section */

/* Begin PBXFrameworksBuildPhase section */
		D7AAA93820BB93AD001D02D5 /* Frameworks */ = {
			isa = PBXFrameworksBuildPhase;
			buildActionMask = 2147483647;
			files = (
			);
			runOnlyForDeploymentPostprocessing = 0;
		};
		D7AAA95020BB93AE001D02D5 /* Frameworks */ = {
			isa = PBXFrameworksBuildPhase;
			buildActionMask = 2147483647;
			files = (
			);
			runOnlyForDeploymentPostprocessing = 0;
		};
		D7AAA95B20BB93AE001D02D5 /* Frameworks */ = {
			isa = PBXFrameworksBuildPhase;
			buildActionMask = 2147483647;
			files = (
			);
			runOnlyForDeploymentPostprocessing = 0;
		};
/* End PBXFrameworksBuildPhase section */

/* Begin PBXGroup section */
		D7AAA93220BB93AD001D02D5 = {
			isa = PBXGroup;
			children = (
				D7AAA93D20BB93AD001D02D5 /* ProgrammerNote */,
				D7AAA95620BB93AE001D02D5 /* ProgrammerNoteTests */,
				D7AAA96120BB93AE001D02D5 /* ProgrammerNoteUITests */,
				D7AAA93C20BB93AD001D02D5 /* Products */,
			);
			sourceTree = "<group>";
		};
		D7AAA93C20BB93AD001D02D5 /* Products */ = {
			isa = PBXGroup;
			children = (
				D7AAA93B20BB93AD001D02D5 /* ProgrammerNote.app */,
				D7AAA95320BB93AE001D02D5 /* ProgrammerNoteTests.xctest */,
				D7AAA95E20BB93AE001D02D5 /* ProgrammerNoteUITests.xctest */,
			);
			name = Products;
			sourceTree = "<group>";
		};
		D7AAA93D20BB93AD001D02D5 /* ProgrammerNote */ = {
			isa = PBXGroup;
			children = (
				D7AAA93E20BB93AD001D02D5 /* AppDelegate.h */,
				D7AAA93F20BB93AD001D02D5 /* AppDelegate.m */,
				D7AAA94120BB93AD001D02D5 /* ViewController.h */,
				D7AAA94220BB93AD001D02D5 /* ViewController.m */,
				D7AAA94420BB93AD001D02D5 /* Main.storyboard */,
				D7AAA94720BB93AD001D02D5 /* Assets.xcassets */,
				D7AAA94920BB93AD001D02D5 /* LaunchScreen.storyboard */,
				D7AAA94C20BB93AD001D02D5 /* Info.plist */,
				D7AAA94D20BB93AD001D02D5 /* main.m */,
			);
			path = ProgrammerNote;
			sourceTree = "<group>";
		};
		D7AAA95620BB93AE001D02D5 /* ProgrammerNoteTests */ = {
			isa = PBXGroup;
			children = (
				D7AAA95720BB93AE001D02D5 /* ProgrammerNoteTests.m */,
				D7AAA95920BB93AE001D02D5 /* Info.plist */,
			);
			path = ProgrammerNoteTests;
			sourceTree = "<group>";
		};
		D7AAA96120BB93AE001D02D5 /* ProgrammerNoteUITests */ = {
			isa = PBXGroup;
			children = (
				D7AAA96220BB93AE001D02D5 /* ProgrammerNoteUITests.m */,
				D7AAA96420BB93AE001D02D5 /* Info.plist */,
			);
			path = ProgrammerNoteUITests;
			sourceTree = "<group>";
		};
/* End PBXGroup section */

/* Begin PBXNativeTarget section */
		D7AAA93A20BB93AD001D02D5 /* ProgrammerNote */ = {
			isa = PBXNativeTarget;
			buildConfigurationList = D7AAA96720BB93AE001D02D5 /* Build configuration list for PBXNativeTarget "ProgrammerNote" */;
			buildPhases = (
				D7AAA93720BB93AD001D02D5 /* Sources */,
				D7AAA93820BB93AD001D02D5 /* Frameworks */,
				D7AAA93920BB93AD001D02D5 /* Resources */,
			);
			buildRules = (
			);
			dependencies = (
			);
			name = ProgrammerNote;
			productName = ProgrammerNote;
			productReference = D7AAA93B20BB93AD001D02D5 /* ProgrammerNote.app */;
			productType = "com.apple.product-type.application";
		};
		D7AAA95220BB93AE001D02D5 /* ProgrammerNoteTests */ = {
			isa = PBXNativeTarget;
			buildConfigurationList = D7AAA96A20BB93AE001D02D5 /* Build configuration list for PBXNativeTarget "ProgrammerNoteTests" */;
			buildPhases = (
				D7AAA94F20BB93AE001D02D5 /* Sources */,
				D7AAA95020BB93AE001D02D5 /* Frameworks */,
				D7AAA95120BB93AE001D02D5 /* Resources */,
			);
			buildRules = (
			);
			dependencies = (
				D7AAA95520BB93AE001D02D5 /* PBXTargetDependency */,
			);
			name = ProgrammerNoteTests;
			productName = ProgrammerNoteTests;
			productReference = D7AAA95320BB93AE001D02D5 /* ProgrammerNoteTests.xctest */;
			productType = "com.apple.product-type.bundle.unit-test";
		};
		D7AAA95D20BB93AE001D02D5 /* ProgrammerNoteUITests */ = {
			isa = PBXNativeTarget;
			buildConfigurationList = D7AAA96D20BB93AE001D02D5 /* Build configuration list for PBXNativeTarget "ProgrammerNoteUITests" */;
			buildPhases = (
				D7AAA95A20BB93AE001D02D5 /* Sources */,
				D7AAA95B20BB93AE001D02D5 /* Frameworks */,
				D7AAA95C20BB93AE001D02D5 /* Resources */,
			);
			buildRules = (
			);
			dependencies = (
				D7AAA96020BB93AE001D02D5 /* PBXTargetDependency */,
			);
			name = ProgrammerNoteUITests;
			productName = ProgrammerNoteUITests;
			productReference = D7AAA95E20BB93AE001D02D5 /* ProgrammerNoteUITests.xctest */;
			productType = "com.apple.product-type.bundle.ui-testing";
		};
/* End PBXNativeTarget section */

/* Begin PBXProject section */
		D7AAA93320BB93AD001D02D5 /* Project object */ = {
			isa = PBXProject;
			attributes = {
				LastUpgradeCheck = 0930;
				ORGANIZATIONNAME = dev;
				TargetAttributes = {
					D7AAA93A20BB93AD001D02D5 = {
						CreatedOnToolsVersion = 9.3;
					};
					D7AAA95220BB93AE001D02D5 = {
						CreatedOnToolsVersion = 9.3;
						TestTargetID = D7AAA93A20BB93AD001D02D5;
					};
					D7AAA95D20BB93AE001D02D5 = {
						CreatedOnToolsVersion = 9.3;
						TestTargetID = D7AAA93A20BB93AD001D02D5;
					};
				};
			};
			buildConfigurationList = D7AAA93620BB93AD001D02D5 /* Build configuration list for PBXProject "ProgrammerNote" */;
			compatibilityVersion = "Xcode 9.3";
			developmentRegion = en;
			hasScannedForEncodings = 0;
			knownRegions = (
				en,
				Base,
			);
			mainGroup = D7AAA93220BB93AD001D02D5;
			productRefGroup = D7AAA93C20BB93AD001D02D5 /* Products */;
			projectDirPath = "";
			projectRoot = "";
			targets = (
				D7AAA93A20BB93AD001D02D5 /* ProgrammerNote */,
				D7AAA95220BB93AE001D02D5 /* ProgrammerNoteTests */,
				D7AAA95D20BB93AE001D02D5 /* ProgrammerNoteUITests */,
			);
		};
/* End PBXProject section */

/* Begin PBXResourcesBuildPhase section */
		D7AAA93920BB93AD001D02D5 /* Resources */ = {
			isa = PBXResourcesBuildPhase;
			buildActionMask = 2147483647;
			files = (
				D7AAA94B20BB93AD001D02D5 /* LaunchScreen.storyboard in Resources */,
				D7AAA94820BB93AD001D02D5 /* Assets.xcassets in Resources */,
				D7AAA94620BB93AD001D02D5 /* Main.storyboard in Resources */,
			);
			runOnlyForDeploymentPostprocessing = 0;
		};
		D7AAA95120BB93AE001D02D5 /* Resources */ = {
			isa = PBXResourcesBuildPhase;
			buildActionMask = 2147483647;
			files = (
			);
			runOnlyForDeploymentPostprocessing = 0;
		};
		D7AAA95C20BB93AE001D02D5 /* Resources */ = {
			isa = PBXResourcesBuildPhase;
			buildActionMask = 2147483647;
			files = (
			);
			runOnlyForDeploymentPostprocessing = 0;
		};
/* End PBXResourcesBuildPhase section */

/* Begin PBXSourcesBuildPhase section */
		D7AAA93720BB93AD001D02D5 /* Sources */ = {
			isa = PBXSourcesBuildPhase;
			buildActionMask = 2147483647;
			files = (
				D7AAA94320BB93AD001D02D5 /* ViewController.m in Sources */,
				D7AAA94E20BB93AD001D02D5 /* main.m in Sources */,
				D7AAA94020BB93AD001D02D5 /* AppDelegate.m in Sources */,
			);
			runOnlyForDeploymentPostprocessing = 0;
		};
		D7AAA94F20BB93AE001D02D5 /* Sources */ = {
			isa = PBXSourcesBuildPhase;
			buildActionMask = 2147483647;
			files = (
				D7AAA95820BB93AE001D02D5 /* ProgrammerNoteTests.m in Sources */,
			);
			runOnlyForDeploymentPostprocessing = 0;
		};
		D7AAA95A20BB93AE001D02D5 /* Sources */ = {
			isa = PBXSourcesBuildPhase;
			buildActionMask = 2147483647;
			files = (
				D7AAA96320BB93AE001D02D5 /* ProgrammerNoteUITests.m in Sources */,
			);
			runOnlyForDeploymentPostprocessing = 0;
		};
/* End PBXSourcesBuildPhase section */

/* Begin PBXTargetDependency section */
		D7AAA95520BB93AE001D02D5 /* PBXTargetDependency */ = {
			isa = PBXTargetDependency;
			target = D7AAA93A20BB93AD001D02D5 /* ProgrammerNote */;
			targetProxy = D7AAA95420BB93AE001D02D5 /* PBXContainerItemProxy */;
		};
		D7AAA96020BB93AE001D02D5 /* PBXTargetDependency */ = {
			isa = PBXTargetDependency;
			target = D7AAA93A20BB93AD001D02D5 /* ProgrammerNote */;
			targetProxy = D7AAA95F20BB93AE001D02D5 /* PBXContainerItemProxy */;
		};
/* End PBXTargetDependency section */

/* Begin PBXVariantGroup section */
		D7AAA94420BB93AD001D02D5 /* Main.storyboard */ = {
			isa = PBXVariantGroup;
			children = (
				D7AAA94520BB93AD001D02D5 /* Base */,
			);
			name = Main.storyboard;
			sourceTree = "<group>";
		};
		D7AAA94920BB93AD001D02D5 /* LaunchScreen.storyboard */ = {
			isa = PBXVariantGroup;
			children = (
				D7AAA94A20BB93AD001D02D5 /* Base */,
			);
			name = LaunchScreen.storyboard;
			sourceTree = "<group>";
		};
/* End PBXVariantGroup section */

/* Begin XCBuildConfiguration section */
		D7AAA96520BB93AE001D02D5 /* Debug */ = {
			isa = XCBuildConfiguration;
			buildSettings = {
				ALWAYS_SEARCH_USER_PATHS = NO;
				CLANG_ANALYZER_NONNULL = YES;
				CLANG_ANALYZER_NUMBER_OBJECT_CONVERSION = YES_AGGRESSIVE;
				CLANG_CXX_LANGUAGE_STANDARD = "gnu++14";
				CLANG_CXX_LIBRARY = "libc++";
				CLANG_ENABLE_MODULES = YES;
				CLANG_ENABLE_OBJC_ARC = YES;
				CLANG_ENABLE_OBJC_WEAK = YES;
				CLANG_WARN_BLOCK_CAPTURE_AUTORELEASING = YES;
				CLANG_WARN_BOOL_CONVERSION = YES;
				CLANG_WARN_COMMA = YES;
				CLANG_WARN_CONSTANT_CONVERSION = YES;
				CLANG_WARN_DEPRECATED_OBJC_IMPLEMENTATIONS = YES;
				CLANG_WARN_DIRECT_OBJC_ISA_USAGE = YES_ERROR;
				CLANG_WARN_DOCUMENTATION_COMMENTS = YES;
				CLANG_WARN_EMPTY_BODY = YES;
				CLANG_WARN_ENUM_CONVERSION = YES;
				CLANG_WARN_INFINITE_RECURSION = YES;
				CLANG_WARN_INT_CONVERSION = YES;
				CLANG_WARN_NON_LITERAL_NULL_CONVERSION = YES;
				CLANG_WARN_OBJC_IMPLICIT_RETAIN_SELF = YES;
				CLANG_WARN_OBJC_LITERAL_CONVERSION = YES;
				CLANG_WARN_OBJC_ROOT_CLASS = YES_ERROR;
				CLANG_WARN_RANGE_LOOP_ANALYSIS = YES;
				CLANG_WARN_STRICT_PROTOTYPES = YES;
				CLANG_WARN_SUSPICIOUS_MOVE = YES;
				CLANG_WARN_UNGUARDED_AVAILABILITY = YES_AGGRESSIVE;
				CLANG_WARN_UNREACHABLE_CODE = YES;
				CLANG_WARN__DUPLICATE_METHOD_MATCH = YES;
				CODE_SIGN_IDENTITY = "iPhone Developer";
				COPY_PHASE_STRIP = NO;
				DEBUG_INFORMATION_FORMAT = dwarf;
				ENABLE_STRICT_OBJC_MSGSEND = YES;
				ENABLE_TESTABILITY = YES;
				GCC_C_LANGUAGE_STANDARD = gnu11;
				GCC_DYNAMIC_NO_PIC = NO;
				GCC_NO_COMMON_BLOCKS = YES;
				GCC_OPTIMIZATION_LEVEL = 0;
				GCC_PREPROCESSOR_DEFINITIONS = (
					"DEBUG=1",
					"$(inherited)",
				);
				GCC_WARN_64_TO_32_BIT_CONVERSION = YES;
				GCC_WARN_ABOUT_RETURN_TYPE = YES_ERROR;
				GCC_WARN_UNDECLARED_SELECTOR = YES;
				GCC_WARN_UNINITIALIZED_AUTOS = YES_AGGRESSIVE;
				GCC_WARN_UNUSED_FUNCTION = YES;
				GCC_WARN_UNUSED_VARIABLE = YES;
				IPHONEOS_DEPLOYMENT_TARGET = 11.3;
				MTL_ENABLE_DEBUG_INFO = YES;
				ONLY_ACTIVE_ARCH = YES;
				SDKROOT = iphoneos;
			};
			name = Debug;
		};
		D7AAA96620BB93AE001D02D5 /* Release */ = {
			isa = XCBuildConfiguration;
			buildSettings = {
				ALWAYS_SEARCH_USER_PATHS = NO;
				CLANG_ANALYZER_NONNULL = YES;
				CLANG_ANALYZER_NUMBER_OBJECT_CONVERSION = YES_AGGRESSIVE;
				CLANG_CXX_LANGUAGE_STANDARD = "gnu++14";
				CLANG_CXX_LIBRARY = "libc++";
				CLANG_ENABLE_MODULES = YES;
				CLANG_ENABLE_OBJC_ARC = YES;
				CLANG_ENABLE_OBJC_WEAK = YES;
				CLANG_WARN_BLOCK_CAPTURE_AUTORELEASING = YES;
				CLANG_WARN_BOOL_CONVERSION = YES;
				CLANG_WARN_COMMA = YES;
				CLANG_WARN_CONSTANT_CONVERSION = YES;
				CLANG_WARN_DEPRECATED_OBJC_IMPLEMENTATIONS = YES;
				CLANG_WARN_DIRECT_OBJC_ISA_USAGE = YES_ERROR;
				CLANG_WARN_DOCUMENTATION_COMMENTS = YES;
				CLANG_WARN_EMPTY_BODY = YES;
				CLANG_WARN_ENUM_CONVERSION = YES;
				CLANG_WARN_INFINITE_RECURSION = YES;
				CLANG_WARN_INT_CONVERSION = YES;
				CLANG_WARN_NON_LITERAL_NULL_CONVERSION = YES;
				CLANG_WARN_OBJC_IMPLICIT_RETAIN_SELF = YES;
				CLANG_WARN_OBJC_LITERAL_CONVERSION = YES;
				CLANG_WARN_OBJC_ROOT_CLASS = YES_ERROR;
				CLANG_WARN_RANGE_LOOP_ANALYSIS = YES;
				CLANG_WARN_STRICT_PROTOTYPES = YES;
				CLANG_WARN_SUSPICIOUS_MOVE = YES;
				CLANG_WARN_UNGUARDED_AVAILABILITY = YES_AGGRESSIVE;
				CLANG_WARN_UNREACHABLE_CODE = YES;
				CLANG_WARN__DUPLICATE_METHOD_MATCH = YES;
				CODE_SIGN_IDENTITY = "iPhone Developer";
				COPY_PHASE_STRIP = NO;
				DEBUG_INFORMATION_FORMAT = "dwarf-with-dsym";
				ENABLE_NS_ASSERTIONS = NO;
				ENABLE_STRICT_OBJC_MSGSEND = YES;
				GCC_C_LANGUAGE_STANDARD = gnu11;
				GCC_NO_COMMON_BLOCKS = YES;
				GCC_WARN_64_TO_32_BIT_CONVERSION = YES;
				GCC_WARN_ABOUT_RETURN_TYPE = YES_ERROR;
				GCC_WARN_UNDECLARED_SELECTOR = YES;
				GCC_WARN_UNINITIALIZED_AUTOS = YES_AGGRESSIVE;
				GCC_WARN_UNUSED_FUNCTION = YES;
				GCC_WARN_UNUSED_VARIABLE = YES;
				IPHONEOS_DEPLOYMENT_TARGET = 11.3;
				MTL_ENABLE_DEBUG_INFO = NO;
				SDKROOT = iphoneos;
				VALIDATE_PRODUCT = YES;
			};
			name = Release;
		};
		D7AAA96820BB93AE001D02D5 /* Debug */ = {
			isa = XCBuildConfiguration;
			buildSettings = {
				ASSETCATALOG_COMPILER_APPICON_NAME = AppIcon;
				CODE_SIGN_STYLE = Automatic;
				INFOPLIST_FILE = ProgrammerNote/Info.plist;
				LD_RUNPATH_SEARCH_PATHS = (
					"$(inherited)",
					"@executable_path/Frameworks",
				);
				PRODUCT_BUNDLE_IDENTIFIER = PingAn.ProgrammerNote;
				PRODUCT_NAME = "$(TARGET_NAME)";
				TARGETED_DEVICE_FAMILY = "1,2";
			};
			name = Debug;
		};
		D7AAA96920BB93AE001D02D5 /* Release */ = {
			isa = XCBuildConfiguration;
			buildSettings = {
				ASSETCATALOG_COMPILER_APPICON_NAME = AppIcon;
				CODE_SIGN_STYLE = Automatic;
				INFOPLIST_FILE = ProgrammerNote/Info.plist;
				LD_RUNPATH_SEARCH_PATHS = (
					"$(inherited)",
					"@executable_path/Frameworks",
				);
				PRODUCT_BUNDLE_IDENTIFIER = PingAn.ProgrammerNote;
				PRODUCT_NAME = "$(TARGET_NAME)";
				TARGETED_DEVICE_FAMILY = "1,2";
			};
			name = Release;
		};
		D7AAA96B20BB93AE001D02D5 /* Debug */ = {
			isa = XCBuildConfiguration;
			buildSettings = {
				BUNDLE_LOADER = "$(TEST_HOST)";
				CODE_SIGN_STYLE = Automatic;
				INFOPLIST_FILE = ProgrammerNoteTests/Info.plist;
				LD_RUNPATH_SEARCH_PATHS = (
					"$(inherited)",
					"@executable_path/Frameworks",
					"@loader_path/Frameworks",
				);
				PRODUCT_BUNDLE_IDENTIFIER = PingAn.ProgrammerNoteTests;
				PRODUCT_NAME = "$(TARGET_NAME)";
				TARGETED_DEVICE_FAMILY = "1,2";
				TEST_HOST = "$(BUILT_PRODUCTS_DIR)/ProgrammerNote.app/ProgrammerNote";
			};
			name = Debug;
		};
		D7AAA96C20BB93AE001D02D5 /* Release */ = {
			isa = XCBuildConfiguration;
			buildSettings = {
				BUNDLE_LOADER = "$(TEST_HOST)";
				CODE_SIGN_STYLE = Automatic;
				INFOPLIST_FILE = ProgrammerNoteTests/Info.plist;
				LD_RUNPATH_SEARCH_PATHS = (
					"$(inherited)",
					"@executable_path/Frameworks",
					"@loader_path/Frameworks",
				);
				PRODUCT_BUNDLE_IDENTIFIER = PingAn.ProgrammerNoteTests;
				PRODUCT_NAME = "$(TARGET_NAME)";
				TARGETED_DEVICE_FAMILY = "1,2";
				TEST_HOST = "$(BUILT_PRODUCTS_DIR)/ProgrammerNote.app/ProgrammerNote";
			};
			name = Release;
		};
		D7AAA96E20BB93AE001D02D5 /* Debug */ = {
			isa = XCBuildConfiguration;
			buildSettings = {
				CODE_SIGN_STYLE = Automatic;
				INFOPLIST_FILE = ProgrammerNoteUITests/Info.plist;
				LD_RUNPATH_SEARCH_PATHS = (
					"$(inherited)",
					"@executable_path/Frameworks",
					"@loader_path/Frameworks",
				);
				PRODUCT_BUNDLE_IDENTIFIER = PingAn.ProgrammerNoteUITests;
				PRODUCT_NAME = "$(TARGET_NAME)";
				TARGETED_DEVICE_FAMILY = "1,2";
				TEST_TARGET_NAME = ProgrammerNote;
			};
			name = Debug;
		};
		D7AAA96F20BB93AE001D02D5 /* Release */ = {
			isa = XCBuildConfiguration;
			buildSettings = {
				CODE_SIGN_STYLE = Automatic;
				INFOPLIST_FILE = ProgrammerNoteUITests/Info.plist;
				LD_RUNPATH_SEARCH_PATHS = (
					"$(inherited)",
					"@executable_path/Frameworks",
					"@loader_path/Frameworks",
				);
				PRODUCT_BUNDLE_IDENTIFIER = PingAn.ProgrammerNoteUITests;
				PRODUCT_NAME = "$(TARGET_NAME)";
				TARGETED_DEVICE_FAMILY = "1,2";
				TEST_TARGET_NAME = ProgrammerNote;
			};
			name = Release;
		};
/* End XCBuildConfiguration section */

/* Begin XCConfigurationList section */
		D7AAA93620BB93AD001D02D5 /* Build configuration list for PBXProject "ProgrammerNote" */ = {
			isa = XCConfigurationList;
			buildConfigurations = (
				D7AAA96520BB93AE001D02D5 /* Debug */,
				D7AAA96620BB93AE001D02D5 /* Release */,
			);
			defaultConfigurationIsVisible = 0;
			defaultConfigurationName = Release;
		};
		D7AAA96720BB93AE001D02D5 /* Build configuration list for PBXNativeTarget "ProgrammerNote" */ = {
			isa = XCConfigurationList;
			buildConfigurations = (
				D7AAA96820BB93AE001D02D5 /* Debug */,
				D7AAA96920BB93AE001D02D5 /* Release */,
			);
			defaultConfigurationIsVisible = 0;
			defaultConfigurationName = Release;
		};
		D7AAA96A20BB93AE001D02D5 /* Build configuration list for PBXNativeTarget "ProgrammerNoteTests" */ = {
			isa = XCConfigurationList;
			buildConfigurations = (
				D7AAA96B20BB93AE001D02D5 /* Debug */,
				D7AAA96C20BB93AE001D02D5 /* Release */,
			);
			defaultConfigurationIsVisible = 0;
			defaultConfigurationName = Release;
		};
		D7AAA96D20BB93AE001D02D5 /* Build configuration list for PBXNativeTarget "ProgrammerNoteUITests" */ = {
			isa = XCConfigurationList;
			buildConfigurations = (
				D7AAA96E20BB93AE001D02D5 /* Debug */,
				D7AAA96F20BB93AE001D02D5 /* Release */,
			);
			defaultConfigurationIsVisible = 0;
			defaultConfigurationName = Release;
		};
/* End XCConfigurationList section */
	};
	rootObject = D7AAA93320BB93AD001D02D5 /* Project object */;
}
